{
  "name": "Streaming vidéo sécurisé avec DRM",
  "lockfileVersion": 3,
  "requires": true,
  "packages": {
    "": {
      "dependencies": {
        "shaka-player": "^4.15.1"
      }
    },
    "node_modules/eme-encryption-scheme-polyfill": {
      "version": "2.2.3",
      "resolved": "https://registry.npmjs.org/eme-encryption-scheme-polyfill/-/eme-encryption-scheme-polyfill-2.2.3.tgz",
      "integrity": "sha512-N0nlJZVaBqGWzvvFb6ZAxvTVeZ4v9cXCzrSFE0zCbNbviiygWI0gDJiRc4o5SqFrPVYBSQr5z5SzKjIvvxL+Vw==",
      "license": "Apache-2.0"
    },
    "node_modules/shaka-player": {
      "version": "4.15.1",
      "resolved": "https://registry.npmjs.org/shaka-player/-/shaka-player-4.15.1.tgz",
      "integrity": "sha512-p9LpBnfp7ltOdhuu8YoxLcoVcsFV6PNi54zdP5DmmC3Xvj7/vYNhtXmbZRfTe9qD2kzlaEF+TXflgxYyFDttcQ==",
      "license": "Apache-2.0",
      "dependencies": {
        "eme-encryption-scheme-polyfill": "^2.2.3"
      },
      "engines": {
        "node": ">=18"
      }
    }
  }
}
